
Microsoft Visual Studio Solution File, Format Version 12.00
# Visual Studio Version 17
VisualStudioVersion = 17.2.32630.192
MinimumVisualStudioVersion = 10.0.40219.1
Project("{8BC9CEB8-8B4A-11D0-8D11-00A0C91BC942}") = "cppstudy", "cppstudy.vcxproj", "{7975850C-E22A-4EA6-890C-D3D82A29D100}"
EndProject
Global
	GlobalSection(SolutionConfigurationPlatforms) = preSolution
		Debug|x64 = Debug|x64
		Debug|x86 = Debug|x86
		Release|x64 = Release|x64
		Release|x86 = Release|x86
	EndGlobalSection
	GlobalSection(ProjectConfigurationPlatforms) = postSolution
		{7975850C-E22A-4EA6-890C-D3D82A29D100}.Debug|x64.ActiveCfg = Debug|x64
		{7975850C-E22A-4EA6-890C-D3D82A29D100}.Debug|x64.Build.0 = Debug|x64
		{7975850C-E22A-4EA6-890C-D3D82A29D100}.Debug|x86.ActiveCfg = Debug|Win32
		{7975850C-E22A-4EA6-890C-D3D82A29D100}.Debug|x86.Build.0 = Debug|Win32
		{7975850C-E22A-4EA6-890C-D3D82A29D100}.Release|x64.ActiveCfg = Release|x64
		{7975850C-E22A-4EA6-890C-D3D82A29D100}.Release|x64.Build.0 = Release|x64
		{7975850C-E22A-4EA6-890C-D3D82A29D100}.Release|x86.ActiveCfg = Release|Win32
		{7975850C-E22A-4EA6-890C-D3D82A29D100}.Release|x86.Build.0 = Release|Win32
	EndGlobalSection
	GlobalSection(SolutionProperties) = preSolution
		HideSolutionNode = FALSE
	EndGlobalSection
	GlobalSection(ExtensibilityGlobals) = postSolution
		SolutionGuid = {33B23B1C-8EB6-4936-BCDF-5A446AEBD082}
	EndGlobalSection
EndGlobal
